
Microsoft Visual Studio Solution File, Format Version 12.00
# Visual Studio 15
VisualStudioVersion = 15.0.28010.2016
MinimumVisualStudioVersion = 10.0.40219.1
Project("{FAE04EC0-301F-11D3-BF4B-00C04F79EFBC}") = "CheckMonth", "CheckMonth\CheckMonth.csproj", "{DC0FC18C-75C8-4622-AD2E-84DA81E80583}"
EndProject
Global
	GlobalSection(SolutionConfigurationPlatforms) = preSolution
		Debug|Any CPU = Debug|Any CPU
		Release|Any CPU = Release|Any CPU
	EndGlobalSection
	GlobalSection(ProjectConfigurationPlatforms) = postSolution
		{DC0FC18C-75C8-4622-AD2E-84DA81E80583}.Debug|Any CPU.ActiveCfg = Debug|Any CPU
		{DC0FC18C-75C8-4622-AD2E-84DA81E80583}.Debug|Any CPU.Build.0 = Debug|Any CPU
		{DC0FC18C-75C8-4622-AD2E-84DA81E80583}.Release|Any CPU.ActiveCfg = Release|Any CPU
		{DC0FC18C-75C8-4622-AD2E-84DA81E80583}.Release|Any CPU.Build.0 = Release|Any CPU
	EndGlobalSection
	GlobalSection(SolutionProperties) = preSolution
		HideSolutionNode = FALSE
	EndGlobalSection
	GlobalSection(ExtensibilityGlobals) = postSolution
		SolutionGuid = {75DAEC0F-4BDF-4034-83BE-1A7A312DF954}
	EndGlobalSection
EndGlobal
