
Microsoft Visual Studio Solution File, Format Version 12.00
# Visual Studio 15
VisualStudioVersion = 15.0.28010.2016
MinimumVisualStudioVersion = 10.0.40219.1
Project("{FAE04EC0-301F-11D3-BF4B-00C04F79EFBC}") = "Admission", "Admission\Admission.csproj", "{B0505612-B472-4DA6-8A58-D1042B65B489}"
EndProject
Global
	GlobalSection(SolutionConfigurationPlatforms) = preSolution
		Debug|Any CPU = Debug|Any CPU
		Release|Any CPU = Release|Any CPU
	EndGlobalSection
	GlobalSection(ProjectConfigurationPlatforms) = postSolution
		{B0505612-B472-4DA6-8A58-D1042B65B489}.Debug|Any CPU.ActiveCfg = Debug|Any CPU
		{B0505612-B472-4DA6-8A58-D1042B65B489}.Debug|Any CPU.Build.0 = Debug|Any CPU
		{B0505612-B472-4DA6-8A58-D1042B65B489}.Release|Any CPU.ActiveCfg = Release|Any CPU
		{B0505612-B472-4DA6-8A58-D1042B65B489}.Release|Any CPU.Build.0 = Release|Any CPU
	EndGlobalSection
	GlobalSection(SolutionProperties) = preSolution
		HideSolutionNode = FALSE
	EndGlobalSection
	GlobalSection(ExtensibilityGlobals) = postSolution
		SolutionGuid = {9465DE38-BC65-44BE-B4D7-46C324DBE779}
	EndGlobalSection
EndGlobal
