
Microsoft Visual Studio Solution File, Format Version 12.00
# Visual Studio 15
VisualStudioVersion = 15.0.28010.2016
MinimumVisualStudioVersion = 10.0.40219.1
Project("{FAE04EC0-301F-11D3-BF4B-00C04F79EFBC}") = "Guessing Games", "Guessing Games\Guessing Games.csproj", "{B3B7801B-EA97-48DE-BB17-7C233B02EA6A}"
EndProject
Global
	GlobalSection(SolutionConfigurationPlatforms) = preSolution
		Debug|Any CPU = Debug|Any CPU
		Release|Any CPU = Release|Any CPU
	EndGlobalSection
	GlobalSection(ProjectConfigurationPlatforms) = postSolution
		{B3B7801B-EA97-48DE-BB17-7C233B02EA6A}.Debug|Any CPU.ActiveCfg = Debug|Any CPU
		{B3B7801B-EA97-48DE-BB17-7C233B02EA6A}.Debug|Any CPU.Build.0 = Debug|Any CPU
		{B3B7801B-EA97-48DE-BB17-7C233B02EA6A}.Release|Any CPU.ActiveCfg = Release|Any CPU
		{B3B7801B-EA97-48DE-BB17-7C233B02EA6A}.Release|Any CPU.Build.0 = Release|Any CPU
	EndGlobalSection
	GlobalSection(SolutionProperties) = preSolution
		HideSolutionNode = FALSE
	EndGlobalSection
	GlobalSection(ExtensibilityGlobals) = postSolution
		SolutionGuid = {6F587C06-CD8B-450E-B2E5-EDBDB5C7647F}
	EndGlobalSection
EndGlobal
